// !$*UTF8*$!
{
	archiveVersion = 1;
	classes = {
	};
	objectVersion = 46;
	objects = {

/* Begin PBXBuildFile section */
		B5D33FAA1709269C00D82F7A /* UIKit.framework in Frameworks */ = {isa = PBXBuildFile; fileRef = B5D33FA91709269C00D82F7A /* UIKit.framework */; };
		B5D33FAC1709269C00D82F7A /* Foundation.framework in Frameworks */ = {isa = PBXBuildFile; fileRef = B5D33FAB1709269C00D82F7A /* Foundation.framework */; };
		B5D33FAE1709269C00D82F7A /* CoreGraphics.framework in Frameworks */ = {isa = PBXBuildFile; fileRef = B5D33FAD1709269C00D82F7A /* CoreGraphics.framework */; };
		B5D33FB41709269C00D82F7A /* InfoPlist.strings in Resources */ = {isa = PBXBuildFile; fileRef = B5D33FB21709269C00D82F7A /* InfoPlist.strings */; };
		B5D33FB61709269C00D82F7A /* main.m in Sources */ = {isa = PBXBuildFile; fileRef = B5D33FB51709269C00D82F7A /* main.m */; };
		B5D33FBA1709269C00D82F7A /* AppDelegate.m in Sources */ = {isa = PBXBuildFile; fileRef = B5D33FB91709269C00D82F7A /* AppDelegate.m */; };
		B5D33FBD1709269C00D82F7A /* MainStoryboard.storyboard in Resources */ = {isa = PBXBuildFile; fileRef = B5D33FBB1709269C00D82F7A /* MainStoryboard.storyboard */; };
		B5D33FC01709269C00D82F7A /* ViewController.m in Sources */ = {isa = PBXBuildFile; fileRef = B5D33FBF1709269C00D82F7A /* ViewController.m */; };
		B5D33FF817092D2100D82F7A /* testViewController.m in Sources */ = {isa = PBXBuildFile; fileRef = B5D33FF717092D2100D82F7A /* testViewController.m */; };
/* End PBXBuildFile section */

/* Begin PBXFileReference section */
		B5D33FA51709269C00D82F7A /* test.app */ = {isa = PBXFileReference; explicitFileType = wrapper.application; includeInIndex = 0; path = test.app; sourceTree = BUILT_PRODUCTS_DIR; };
		B5D33FA91709269C00D82F7A /* UIKit.framework */ = {isa = PBXFileReference; lastKnownFileType = wrapper.framework; name = UIKit.framework; path = System/Library/Frameworks/UIKit.framework; sourceTree = SDKROOT; };
		B5D33FAB1709269C00D82F7A /* Foundation.framework */ = {isa = PBXFileReference; lastKnownFileType = wrapper.framework; name = Foundation.framework; path = System/Library/Frameworks/Foundation.framework; sourceTree = SDKROOT; };
		B5D33FAD1709269C00D82F7A /* CoreGraphics.framework */ = {isa = PBXFileReference; lastKnownFileType = wrapper.framework; name = CoreGraphics.framework; path = System/Library/Frameworks/CoreGraphics.framework; sourceTree = SDKROOT; };
		B5D33FB11709269C00D82F7A /* test-Info.plist */ = {isa = PBXFileReference; lastKnownFileType = text.plist.xml; path = "test-Info.plist"; sourceTree = "<group>"; };
		B5D33FB31709269C00D82F7A /* en */ = {isa = PBXFileReference; lastKnownFileType = text.plist.strings; name = en; path = en.lproj/InfoPlist.strings; sourceTree = "<group>"; };
		B5D33FB51709269C00D82F7A /* main.m */ = {isa = PBXFileReference; lastKnownFileType = sourcecode.c.objc; path = main.m; sourceTree = "<group>"; };
		B5D33FB71709269C00D82F7A /* test-Prefix.pch */ = {isa = PBXFileReference; lastKnownFileType = sourcecode.c.h; path = "test-Prefix.pch"; sourceTree = "<group>"; };
		B5D33FB81709269C00D82F7A /* AppDelegate.h */ = {isa = PBXFileReference; lastKnownFileType = sourcecode.c.h; path = AppDelegate.h; sourceTree = "<group>"; };
		B5D33FB91709269C00D82F7A /* AppDelegate.m */ = {isa = PBXFileReference; lastKnownFileType = sourcecode.c.objc; path = AppDelegate.m; sourceTree = "<group>"; };
		B5D33FBC1709269C00D82F7A /* en */ = {isa = PBXFileReference; lastKnownFileType = file.storyboard; name = en; path = en.lproj/MainStoryboard.storyboard; sourceTree = "<group>"; };
		B5D33FBE1709269C00D82F7A /* ViewController.h */ = {isa = PBXFileReference; lastKnownFileType = sourcecode.c.h; path = ViewController.h; sourceTree = "<group>"; };
		B5D33FBF1709269C00D82F7A /* ViewController.m */ = {isa = PBXFileReference; lastKnownFileType = sourcecode.c.objc; path = ViewController.m; sourceTree = "<group>"; };
		B5D33FF617092D2100D82F7A /* testViewController.h */ = {isa = PBXFileReference; fileEncoding = 4; lastKnownFileType = sourcecode.c.h; path = testViewController.h; sourceTree = "<group>"; };
		B5D33FF717092D2100D82F7A /* testViewController.m */ = {isa = PBXFileReference; fileEncoding = 4; lastKnownFileType = sourcecode.c.objc; path = testViewController.m; sourceTree = "<group>"; };
/* End PBXFileReference section */

/* Begin PBXFrameworksBuildPhase section */
		B5D33FA21709269C00D82F7A /* Frameworks */ = {
			isa = PBXFrameworksBuildPhase;
			buildActionMask = 2147483647;
			files = (
				B5D33FAA1709269C00D82F7A /* UIKit.framework in Frameworks */,
				B5D33FAC1709269C00D82F7A /* Foundation.framework in Frameworks */,
				B5D33FAE1709269C00D82F7A /* CoreGraphics.framework in Frameworks */,
			);
			runOnlyForDeploymentPostprocessing = 0;
		};
/* End PBXFrameworksBuildPhase section */

/* Begin PBXGroup section */
		B5D33F9A1709269C00D82F7A = {
			isa = PBXGroup;
			children = (
				B5D33FAF1709269C00D82F7A /* test */,
				B5D33FA81709269C00D82F7A /* Frameworks */,
				B5D33FA61709269C00D82F7A /* Products */,
			);
			sourceTree = "<group>";
		};
		B5D33FA61709269C00D82F7A /* Products */ = {
			isa = PBXGroup;
			children = (
				B5D33FA51709269C00D82F7A /* test.app */,
			);
			name = Products;
			sourceTree = "<group>";
		};
		B5D33FA81709269C00D82F7A /* Frameworks */ = {
			isa = PBXGroup;
			children = (
				B5D33FA91709269C00D82F7A /* UIKit.framework */,
				B5D33FAB1709269C00D82F7A /* Foundation.framework */,
				B5D33FAD1709269C00D82F7A /* CoreGraphics.framework */,
			);
			name = Frameworks;
			sourceTree = "<group>";
		};
		B5D33FAF1709269C00D82F7A /* test */ = {
			isa = PBXGroup;
			children = (
				B5D33FB81709269C00D82F7A /* AppDelegate.h */,
				B5D33FB91709269C00D82F7A /* AppDelegate.m */,
				B5D33FBB1709269C00D82F7A /* MainStoryboard.storyboard */,
				B5D33FBE1709269C00D82F7A /* ViewController.h */,
				B5D33FBF1709269C00D82F7A /* ViewController.m */,
				B5D33FF617092D2100D82F7A /* testViewController.h */,
				B5D33FF717092D2100D82F7A /* testViewController.m */,
				B5D33FB01709269C00D82F7A /* Supporting Files */,
			);
			path = test;
			sourceTree = "<group>";
		};
		B5D33FB01709269C00D82F7A /* Supporting Files */ = {
			isa = PBXGroup;
			children = (
				B5D33FB11709269C00D82F7A /* test-Info.plist */,
				B5D33FB21709269C00D82F7A /* InfoPlist.strings */,
				B5D33FB51709269C00D82F7A /* main.m */,
				B5D33FB71709269C00D82F7A /* test-Prefix.pch */,
			);
			name = "Supporting Files";
			sourceTree = "<group>";
		};
/* End PBXGroup section */

/* Begin PBXNativeTarget section */
		B5D33FA41709269C00D82F7A /* test */ = {
			isa = PBXNativeTarget;
			buildConfigurationList = B5D33FC31709269C00D82F7A /* Build configuration list for PBXNativeTarget "test" */;
			buildPhases = (
				B5D33FA11709269C00D82F7A /* Sources */,
				B5D33FA21709269C00D82F7A /* Frameworks */,
				B5D33FA31709269C00D82F7A /* Resources */,
			);
			buildRules = (
			);
			dependencies = (
			);
			name = test;
			productName = test;
			productReference = B5D33FA51709269C00D82F7A /* test.app */;
			productType = "com.apple.product-type.application";
		};
/* End PBXNativeTarget section */

/* Begin PBXProject section */
		B5D33F9C1709269C00D82F7A /* Project object */ = {
			isa = PBXProject;
			attributes = {
				LastUpgradeCheck = 0440;
				ORGANIZATIONNAME = huntech;
			};
			buildConfigurationList = B5D33F9F1709269C00D82F7A /* Build configuration list for PBXProject "test" */;
			compatibilityVersion = "Xcode 3.2";
			developmentRegion = English;
			hasScannedForEncodings = 0;
			knownRegions = (
				en,
			);
			mainGroup = B5D33F9A1709269C00D82F7A;
			productRefGroup = B5D33FA61709269C00D82F7A /* Products */;
			projectDirPath = "";
			projectRoot = "";
			targets = (
				B5D33FA41709269C00D82F7A /* test */,
			);
		};
/* End PBXProject section */

/* Begin PBXResourcesBuildPhase section */
		B5D33FA31709269C00D82F7A /* Resources */ = {
			isa = PBXResourcesBuildPhase;
			buildActionMask = 2147483647;
			files = (
				B5D33FB41709269C00D82F7A /* InfoPlist.strings in Resources */,
				B5D33FBD1709269C00D82F7A /* MainStoryboard.storyboard in Resources */,
			);
			runOnlyForDeploymentPostprocessing = 0;
		};
/* End PBXResourcesBuildPhase section */

/* Begin PBXSourcesBuildPhase section */
		B5D33FA11709269C00D82F7A /* Sources */ = {
			isa = PBXSourcesBuildPhase;
			buildActionMask = 2147483647;
			files = (
				B5D33FB61709269C00D82F7A /* main.m in Sources */,
				B5D33FBA1709269C00D82F7A /* AppDelegate.m in Sources */,
				B5D33FC01709269C00D82F7A /* ViewController.m in Sources */,
				B5D33FF817092D2100D82F7A /* testViewController.m in Sources */,
			);
			runOnlyForDeploymentPostprocessing = 0;
		};
/* End PBXSourcesBuildPhase section */

/* Begin PBXVariantGroup section */
		B5D33FB21709269C00D82F7A /* InfoPlist.strings */ = {
			isa = PBXVariantGroup;
			children = (
				B5D33FB31709269C00D82F7A /* en */,
			);
			name = InfoPlist.strings;
			sourceTree = "<group>";
		};
		B5D33FBB1709269C00D82F7A /* MainStoryboard.storyboard */ = {
			isa = PBXVariantGroup;
			children = (
				B5D33FBC1709269C00D82F7A /* en */,
			);
			name = MainStoryboard.storyboard;
			sourceTree = "<group>";
		};
/* End PBXVariantGroup section */

/* Begin XCBuildConfiguration section */
		B5D33FC11709269C00D82F7A /* Debug */ = {
			isa = XCBuildConfiguration;
			buildSettings = {
				ALWAYS_SEARCH_USER_PATHS = NO;
				ARCHS = "$(ARCHS_STANDARD_32_BIT)";
				CLANG_CXX_LANGUAGE_STANDARD = "gnu++0x";
				CLANG_ENABLE_OBJC_ARC = YES;
				CLANG_WARN__DUPLICATE_METHOD_MATCH = YES;
				"CODE_SIGN_IDENTITY[sdk=iphoneos*]" = "iPhone Developer";
				COPY_PHASE_STRIP = NO;
				GCC_C_LANGUAGE_STANDARD = gnu99;
				GCC_DYNAMIC_NO_PIC = NO;
				GCC_OPTIMIZATION_LEVEL = 0;
				GCC_PREPROCESSOR_DEFINITIONS = (
					"DEBUG=1",
					"$(inherited)",
				);
				GCC_SYMBOLS_PRIVATE_EXTERN = NO;
				GCC_VERSION = com.apple.compilers.llvm.clang.1_0;
				GCC_WARN_ABOUT_RETURN_TYPE = YES;
				GCC_WARN_UNINITIALIZED_AUTOS = YES;
				GCC_WARN_UNUSED_VARIABLE = YES;
				IPHONEOS_DEPLOYMENT_TARGET = 5.1;
				SDKROOT = iphoneos;
			};
			name = Debug;
		};
		B5D33FC21709269C00D82F7A /* Release */ = {
			isa = XCBuildConfiguration;
			buildSettings = {
				ALWAYS_SEARCH_USER_PATHS = NO;
				ARCHS = "$(ARCHS_STANDARD_32_BIT)";
				CLANG_CXX_LANGUAGE_STANDARD = "gnu++0x";
				CLANG_ENABLE_OBJC_ARC = YES;
				CLANG_WARN__DUPLICATE_METHOD_MATCH = YES;
				"CODE_SIGN_IDENTITY[sdk=iphoneos*]" = "iPhone Developer";
				COPY_PHASE_STRIP = YES;
				GCC_C_LANGUAGE_STANDARD = gnu99;
				GCC_VERSION = com.apple.compilers.llvm.clang.1_0;
				GCC_WARN_ABOUT_RETURN_TYPE = YES;
				GCC_WARN_UNINITIALIZED_AUTOS = YES;
				GCC_WARN_UNUSED_VARIABLE = YES;
				IPHONEOS_DEPLOYMENT_TARGET = 5.1;
				OTHER_CFLAGS = "-DNS_BLOCK_ASSERTIONS=1";
				SDKROOT = iphoneos;
				VALIDATE_PRODUCT = YES;
			};
			name = Release;
		};
		B5D33FC41709269C00D82F7A /* Debug */ = {
			isa = XCBuildConfiguration;
			buildSettings = {
				GCC_PRECOMPILE_PREFIX_HEADER = YES;
				GCC_PREFIX_HEADER = "test/test-Prefix.pch";
				INFOPLIST_FILE = "test/test-Info.plist";
				PRODUCT_NAME = "$(TARGET_NAME)";
				WRAPPER_EXTENSION = app;
			};
			name = Debug;
		};
		B5D33FC51709269C00D82F7A /* Release */ = {
			isa = XCBuildConfiguration;
			buildSettings = {
				GCC_PRECOMPILE_PREFIX_HEADER = YES;
				GCC_PREFIX_HEADER = "test/test-Prefix.pch";
				INFOPLIST_FILE = "test/test-Info.plist";
				PRODUCT_NAME = "$(TARGET_NAME)";
				WRAPPER_EXTENSION = app;
			};
			name = Release;
		};
/* End XCBuildConfiguration section */

/* Begin XCConfigurationList section */
		B5D33F9F1709269C00D82F7A /* Build configuration list for PBXProject "test" */ = {
			isa = XCConfigurationList;
			buildConfigurations = (
				B5D33FC11709269C00D82F7A /* Debug */,
				B5D33FC21709269C00D82F7A /* Release */,
			);
			defaultConfigurationIsVisible = 0;
			defaultConfigurationName = Release;
		};
		B5D33FC31709269C00D82F7A /* Build configuration list for PBXNativeTarget "test" */ = {
			isa = XCConfigurationList;
			buildConfigurations = (
				B5D33FC41709269C00D82F7A /* Debug */,
				B5D33FC51709269C00D82F7A /* Release */,
			);
			defaultConfigurationIsVisible = 0;
			defaultConfigurationName = Release;
		};
/* End XCConfigurationList section */
	};
	rootObject = B5D33F9C1709269C00D82F7A /* Project object */;
}
